// !$*UTF8*$!
{
	archiveVersion = 1;
	classes = {
	};
	objectVersion = 46;
	objects = {

/* Begin PBXBuildFile section */
		62FC26691DF2192B0032ED5F /* main.cpp in Sources */ = {isa = PBXBuildFile; fileRef = 62FC26681DF2192B0032ED5F /* main.cpp */; };
		62FC26711DF21C950032ED5F /* annealing.cpp in Sources */ = {isa = PBXBuildFile; fileRef = 62FC266F1DF21C950032ED5F /* annealing.cpp */; };
/* End PBXBuildFile section */

/* Begin PBXCopyFilesBuildPhase section */
		62FC26631DF2192B0032ED5F /* CopyFiles */ = {
			isa = PBXCopyFilesBuildPhase;
			buildActionMask = 2147483647;
			dstPath = /usr/share/man/man1/;
			dstSubfolderSpec = 0;
			files = (
			);
			runOnlyForDeploymentPostprocessing = 1;
		};
/* End PBXCopyFilesBuildPhase section */

/* Begin PBXFileReference section */
		62FC26651DF2192B0032ED5F /* Netlist-Partitioning */ = {isa = PBXFileReference; explicitFileType = "compiled.mach-o.executable"; includeInIndex = 0; path = "Netlist-Partitioning"; sourceTree = BUILT_PRODUCTS_DIR; };
		62FC26681DF2192B0032ED5F /* main.cpp */ = {isa = PBXFileReference; lastKnownFileType = sourcecode.cpp.cpp; path = main.cpp; sourceTree = "<group>"; };
		62FC266F1DF21C950032ED5F /* annealing.cpp */ = {isa = PBXFileReference; fileEncoding = 4; lastKnownFileType = sourcecode.cpp.cpp; path = annealing.cpp; sourceTree = "<group>"; };
		62FC26701DF21C950032ED5F /* annealing.hpp */ = {isa = PBXFileReference; fileEncoding = 4; lastKnownFileType = sourcecode.cpp.h; path = annealing.hpp; sourceTree = "<group>"; };
/* End PBXFileReference section */

/* Begin PBXFrameworksBuildPhase section */
		62FC26621DF2192B0032ED5F /* Frameworks */ = {
			isa = PBXFrameworksBuildPhase;
			buildActionMask = 2147483647;
			files = (
			);
			runOnlyForDeploymentPostprocessing = 0;
		};
/* End PBXFrameworksBuildPhase section */

/* Begin PBXGroup section */
		62FC265C1DF2192B0032ED5F = {
			isa = PBXGroup;
			children = (
				62FC26671DF2192B0032ED5F /* Netlist-Partitioning */,
				62FC26661DF2192B0032ED5F /* Products */,
			);
			sourceTree = "<group>";
		};
		62FC26661DF2192B0032ED5F /* Products */ = {
			isa = PBXGroup;
			children = (
				62FC26651DF2192B0032ED5F /* Netlist-Partitioning */,
			);
			name = Products;
			sourceTree = "<group>";
		};
		62FC26671DF2192B0032ED5F /* Netlist-Partitioning */ = {
			isa = PBXGroup;
			children = (
				62FC26681DF2192B0032ED5F /* main.cpp */,
				62FC266F1DF21C950032ED5F /* annealing.cpp */,
				62FC26701DF21C950032ED5F /* annealing.hpp */,
			);
			path = "Netlist-Partitioning";
			sourceTree = "<group>";
		};
/* End PBXGroup section */

/* Begin PBXNativeTarget section */
		62FC26641DF2192B0032ED5F /* Netlist-Partitioning */ = {
			isa = PBXNativeTarget;
			buildConfigurationList = 62FC266C1DF2192B0032ED5F /* Build configuration list for PBXNativeTarget "Netlist-Partitioning" */;
			buildPhases = (
				62FC26611DF2192B0032ED5F /* Sources */,
				62FC26621DF2192B0032ED5F /* Frameworks */,
				62FC26631DF2192B0032ED5F /* CopyFiles */,
			);
			buildRules = (
			);
			dependencies = (
			);
			name = "Netlist-Partitioning";
			productName = "Netlist-Partitioning";
			productReference = 62FC26651DF2192B0032ED5F /* Netlist-Partitioning */;
			productType = "com.apple.product-type.tool";
		};
/* End PBXNativeTarget section */

/* Begin PBXProject section */
		62FC265D1DF2192B0032ED5F /* Project object */ = {
			isa = PBXProject;
			attributes = {
				LastUpgradeCheck = 0810;
				ORGANIZATIONNAME = "Akhilesh Raju";
				TargetAttributes = {
					62FC26641DF2192B0032ED5F = {
						CreatedOnToolsVersion = 8.1;
						DevelopmentTeam = 9783C2K4EP;
						ProvisioningStyle = Automatic;
					};
				};
			};
			buildConfigurationList = 62FC26601DF2192B0032ED5F /* Build configuration list for PBXProject "Netlist-Partitioning" */;
			compatibilityVersion = "Xcode 3.2";
			developmentRegion = English;
			hasScannedForEncodings = 0;
			knownRegions = (
				en,
			);
			mainGroup = 62FC265C1DF2192B0032ED5F;
			productRefGroup = 62FC26661DF2192B0032ED5F /* Products */;
			projectDirPath = "";
			projectRoot = "";
			targets = (
				62FC26641DF2192B0032ED5F /* Netlist-Partitioning */,
			);
		};
/* End PBXProject section */

/* Begin PBXSourcesBuildPhase section */
		62FC26611DF2192B0032ED5F /* Sources */ = {
			isa = PBXSourcesBuildPhase;
			buildActionMask = 2147483647;
			files = (
				62FC26691DF2192B0032ED5F /* main.cpp in Sources */,
				62FC26711DF21C950032ED5F /* annealing.cpp in Sources */,
			);
			runOnlyForDeploymentPostprocessing = 0;
		};
/* End PBXSourcesBuildPhase section */

/* Begin XCBuildConfiguration section */
		62FC266A1DF2192B0032ED5F /* Debug */ = {
			isa = XCBuildConfiguration;
			buildSettings = {
				ALWAYS_SEARCH_USER_PATHS = NO;
				CLANG_ANALYZER_NONNULL = YES;
				CLANG_CXX_LANGUAGE_STANDARD = "gnu++0x";
				CLANG_CXX_LIBRARY = "libc++";
				CLANG_ENABLE_MODULES = YES;
				CLANG_ENABLE_OBJC_ARC = YES;
				CLANG_WARN_BOOL_CONVERSION = YES;
				CLANG_WARN_CONSTANT_CONVERSION = YES;
				CLANG_WARN_DIRECT_OBJC_ISA_USAGE = YES_ERROR;
				CLANG_WARN_DOCUMENTATION_COMMENTS = YES;
				CLANG_WARN_EMPTY_BODY = YES;
				CLANG_WARN_ENUM_CONVERSION = YES;
				CLANG_WARN_INFINITE_RECURSION = YES;
				CLANG_WARN_INT_CONVERSION = YES;
				CLANG_WARN_OBJC_ROOT_CLASS = YES_ERROR;
				CLANG_WARN_SUSPICIOUS_MOVES = YES;
				CLANG_WARN_UNREACHABLE_CODE = YES;
				CLANG_WARN__DUPLICATE_METHOD_MATCH = YES;
				CODE_SIGN_IDENTITY = "-";
				COPY_PHASE_STRIP = NO;
				DEBUG_INFORMATION_FORMAT = dwarf;
				ENABLE_STRICT_OBJC_MSGSEND = YES;
				ENABLE_TESTABILITY = YES;
				GCC_C_LANGUAGE_STANDARD = gnu99;
				GCC_DYNAMIC_NO_PIC = NO;
				GCC_NO_COMMON_BLOCKS = YES;
				GCC_OPTIMIZATION_LEVEL = 0;
				GCC_PREPROCESSOR_DEFINITIONS = (
					"DEBUG=1",
					"$(inherited)",
				);
				GCC_WARN_64_TO_32_BIT_CONVERSION = YES;
				GCC_WARN_ABOUT_RETURN_TYPE = YES_ERROR;
				GCC_WARN_UNDECLARED_SELECTOR = YES;
				GCC_WARN_UNINITIALIZED_AUTOS = YES_AGGRESSIVE;
				GCC_WARN_UNUSED_FUNCTION = YES;
				GCC_WARN_UNUSED_VARIABLE = YES;
				MACOSX_DEPLOYMENT_TARGET = 10.12;
				MTL_ENABLE_DEBUG_INFO = YES;
				ONLY_ACTIVE_ARCH = YES;
				SDKROOT = macosx;
			};
			name = Debug;
		};
		62FC266B1DF2192B0032ED5F /* Release */ = {
			isa = XCBuildConfiguration;
			buildSettings = {
				ALWAYS_SEARCH_USER_PATHS = NO;
				CLANG_ANALYZER_NONNULL = YES;
				CLANG_CXX_LANGUAGE_STANDARD = "gnu++0x";
				CLANG_CXX_LIBRARY = "libc++";
				CLANG_ENABLE_MODULES = YES;
				CLANG_ENABLE_OBJC_ARC = YES;
				CLANG_WARN_BOOL_CONVERSION = YES;
				CLANG_WARN_CONSTANT_CONVERSION = YES;
				CLANG_WARN_DIRECT_OBJC_ISA_USAGE = YES_ERROR;
				CLANG_WARN_DOCUMENTATION_COMMENTS = YES;
				CLANG_WARN_EMPTY_BODY = YES;
				CLANG_WARN_ENUM_CONVERSION = YES;
				CLANG_WARN_INFINITE_RECURSION = YES;
				CLANG_WARN_INT_CONVERSION = YES;
				CLANG_WARN_OBJC_ROOT_CLASS = YES_ERROR;
				CLANG_WARN_SUSPICIOUS_MOVES = YES;
				CLANG_WARN_UNREACHABLE_CODE = YES;
				CLANG_WARN__DUPLICATE_METHOD_MATCH = YES;
				CODE_SIGN_IDENTITY = "-";
				COPY_PHASE_STRIP = NO;
				DEBUG_INFORMATION_FORMAT = "dwarf-with-dsym";
				ENABLE_NS_ASSERTIONS = NO;
				ENABLE_STRICT_OBJC_MSGSEND = YES;
				GCC_C_LANGUAGE_STANDARD = gnu99;
				GCC_NO_COMMON_BLOCKS = YES;
				GCC_WARN_64_TO_32_BIT_CONVERSION = YES;
				GCC_WARN_ABOUT_RETURN_TYPE = YES_ERROR;
				GCC_WARN_UNDECLARED_SELECTOR = YES;
				GCC_WARN_UNINITIALIZED_AUTOS = YES_AGGRESSIVE;
				GCC_WARN_UNUSED_FUNCTION = YES;
				GCC_WARN_UNUSED_VARIABLE = YES;
				MACOSX_DEPLOYMENT_TARGET = 10.12;
				MTL_ENABLE_DEBUG_INFO = NO;
				SDKROOT = macosx;
			};
			name = Release;
		};
		62FC266D1DF2192B0032ED5F /* Debug */ = {
			isa = XCBuildConfiguration;
			buildSettings = {
				DEVELOPMENT_TEAM = 9783C2K4EP;
				PRODUCT_NAME = "$(TARGET_NAME)";
			};
			name = Debug;
		};
		62FC266E1DF2192B0032ED5F /* Release */ = {
			isa = XCBuildConfiguration;
			buildSettings = {
				DEVELOPMENT_TEAM = 9783C2K4EP;
				PRODUCT_NAME = "$(TARGET_NAME)";
			};
			name = Release;
		};
/* End XCBuildConfiguration section */

/* Begin XCConfigurationList section */
		62FC26601DF2192B0032ED5F /* Build configuration list for PBXProject "Netlist-Partitioning" */ = {
			isa = XCConfigurationList;
			buildConfigurations = (
				62FC266A1DF2192B0032ED5F /* Debug */,
				62FC266B1DF2192B0032ED5F /* Release */,
			);
			defaultConfigurationIsVisible = 0;
			defaultConfigurationName = Release;
		};
		62FC266C1DF2192B0032ED5F /* Build configuration list for PBXNativeTarget "Netlist-Partitioning" */ = {
			isa = XCConfigurationList;
			buildConfigurations = (
				62FC266D1DF2192B0032ED5F /* Debug */,
				62FC266E1DF2192B0032ED5F /* Release */,
			);
			defaultConfigurationIsVisible = 0;
		};
/* End XCConfigurationList section */
	};
	rootObject = 62FC265D1DF2192B0032ED5F /* Project object */;
}
